
Microsoft Visual Studio Solution File, Format Version 12.00
# Visual Studio Version 16
VisualStudioVersion = 16.0.28729.10
MinimumVisualStudioVersion = 10.0.40219.1
Project("{FAE04EC0-301F-11D3-BF4B-00C04F79EFBC}") = "BLL", "BLL\BLL.csproj", "{164734B9-5EF7-4E52-A82B-4110993C42D1}"
EndProject
Project("{FAE04EC0-301F-11D3-BF4B-00C04F79EFBC}") = "DBLayer", "DBLayer\DBLayer.csproj", "{E1107126-1EA2-46BD-9308-1BA42FF4521B}"
EndProject
Project("{FAE04EC0-301F-11D3-BF4B-00C04F79EFBC}") = "Model", "Model\Model.csproj", "{27FF6F73-3D4C-4E82-841C-279AFE556A43}"
EndProject
Project("{FAE04EC0-301F-11D3-BF4B-00C04F79EFBC}") = "UI", "UI\UI.csproj", "{F76D21D3-998B-48E9-8785-6341A559B700}"
EndProject
Global
	GlobalSection(SolutionConfigurationPlatforms) = preSolution
		Debug|Any CPU = Debug|Any CPU
		Debug|x64 = Debug|x64
		Debug|x86 = Debug|x86
		Release|Any CPU = Release|Any CPU
		Release|x64 = Release|x64
		Release|x86 = Release|x86
	EndGlobalSection
	GlobalSection(ProjectConfigurationPlatforms) = postSolution
		{164734B9-5EF7-4E52-A82B-4110993C42D1}.Debug|Any CPU.ActiveCfg = Debug|Any CPU
		{164734B9-5EF7-4E52-A82B-4110993C42D1}.Debug|Any CPU.Build.0 = Debug|Any CPU
		{164734B9-5EF7-4E52-A82B-4110993C42D1}.Debug|x64.ActiveCfg = Debug|x86
		{164734B9-5EF7-4E52-A82B-4110993C42D1}.Debug|x64.Build.0 = Debug|x86
		{164734B9-5EF7-4E52-A82B-4110993C42D1}.Debug|x86.ActiveCfg = Debug|x86
		{164734B9-5EF7-4E52-A82B-4110993C42D1}.Debug|x86.Build.0 = Debug|x86
		{164734B9-5EF7-4E52-A82B-4110993C42D1}.Release|Any CPU.ActiveCfg = Release|Any CPU
		{164734B9-5EF7-4E52-A82B-4110993C42D1}.Release|Any CPU.Build.0 = Release|Any CPU
		{164734B9-5EF7-4E52-A82B-4110993C42D1}.Release|x64.ActiveCfg = Release|Any CPU
		{164734B9-5EF7-4E52-A82B-4110993C42D1}.Release|x64.Build.0 = Release|Any CPU
		{164734B9-5EF7-4E52-A82B-4110993C42D1}.Release|x86.ActiveCfg = Release|Any CPU
		{164734B9-5EF7-4E52-A82B-4110993C42D1}.Release|x86.Build.0 = Release|Any CPU
		{E1107126-1EA2-46BD-9308-1BA42FF4521B}.Debug|Any CPU.ActiveCfg = Debug|Any CPU
		{E1107126-1EA2-46BD-9308-1BA42FF4521B}.Debug|Any CPU.Build.0 = Debug|Any CPU
		{E1107126-1EA2-46BD-9308-1BA42FF4521B}.Debug|x64.ActiveCfg = Debug|x64
		{E1107126-1EA2-46BD-9308-1BA42FF4521B}.Debug|x64.Build.0 = Debug|x64
		{E1107126-1EA2-46BD-9308-1BA42FF4521B}.Debug|x86.ActiveCfg = Debug|x86
		{E1107126-1EA2-46BD-9308-1BA42FF4521B}.Debug|x86.Build.0 = Debug|x86
		{E1107126-1EA2-46BD-9308-1BA42FF4521B}.Release|Any CPU.ActiveCfg = Release|Any CPU
		{E1107126-1EA2-46BD-9308-1BA42FF4521B}.Release|Any CPU.Build.0 = Release|Any CPU
		{E1107126-1EA2-46BD-9308-1BA42FF4521B}.Release|x64.ActiveCfg = Release|Any CPU
		{E1107126-1EA2-46BD-9308-1BA42FF4521B}.Release|x64.Build.0 = Release|Any CPU
		{E1107126-1EA2-46BD-9308-1BA42FF4521B}.Release|x86.ActiveCfg = Release|Any CPU
		{E1107126-1EA2-46BD-9308-1BA42FF4521B}.Release|x86.Build.0 = Release|Any CPU
		{27FF6F73-3D4C-4E82-841C-279AFE556A43}.Debug|Any CPU.ActiveCfg = Debug|Any CPU
		{27FF6F73-3D4C-4E82-841C-279AFE556A43}.Debug|Any CPU.Build.0 = Debug|Any CPU
		{27FF6F73-3D4C-4E82-841C-279AFE556A43}.Debug|x64.ActiveCfg = Debug|x64
		{27FF6F73-3D4C-4E82-841C-279AFE556A43}.Debug|x64.Build.0 = Debug|x64
		{27FF6F73-3D4C-4E82-841C-279AFE556A43}.Debug|x86.ActiveCfg = Debug|x86
		{27FF6F73-3D4C-4E82-841C-279AFE556A43}.Debug|x86.Build.0 = Debug|x86
		{27FF6F73-3D4C-4E82-841C-279AFE556A43}.Release|Any CPU.ActiveCfg = Release|Any CPU
		{27FF6F73-3D4C-4E82-841C-279AFE556A43}.Release|Any CPU.Build.0 = Release|Any CPU
		{27FF6F73-3D4C-4E82-841C-279AFE556A43}.Release|x64.ActiveCfg = Release|Any CPU
		{27FF6F73-3D4C-4E82-841C-279AFE556A43}.Release|x64.Build.0 = Release|Any CPU
		{27FF6F73-3D4C-4E82-841C-279AFE556A43}.Release|x86.ActiveCfg = Release|Any CPU
		{27FF6F73-3D4C-4E82-841C-279AFE556A43}.Release|x86.Build.0 = Release|Any CPU
		{F76D21D3-998B-48E9-8785-6341A559B700}.Debug|Any CPU.ActiveCfg = Debug|Any CPU
		{F76D21D3-998B-48E9-8785-6341A559B700}.Debug|Any CPU.Build.0 = Debug|Any CPU
		{F76D21D3-998B-48E9-8785-6341A559B700}.Debug|x64.ActiveCfg = Debug|x64
		{F76D21D3-998B-48E9-8785-6341A559B700}.Debug|x64.Build.0 = Debug|x64
		{F76D21D3-998B-48E9-8785-6341A559B700}.Debug|x86.ActiveCfg = Debug|x86
		{F76D21D3-998B-48E9-8785-6341A559B700}.Debug|x86.Build.0 = Debug|x86
		{F76D21D3-998B-48E9-8785-6341A559B700}.Release|Any CPU.ActiveCfg = Release|Any CPU
		{F76D21D3-998B-48E9-8785-6341A559B700}.Release|Any CPU.Build.0 = Release|Any CPU
		{F76D21D3-998B-48E9-8785-6341A559B700}.Release|x64.ActiveCfg = Release|x64
		{F76D21D3-998B-48E9-8785-6341A559B700}.Release|x64.Build.0 = Release|x64
		{F76D21D3-998B-48E9-8785-6341A559B700}.Release|x86.ActiveCfg = Release|Any CPU
		{F76D21D3-998B-48E9-8785-6341A559B700}.Release|x86.Build.0 = Release|Any CPU
	EndGlobalSection
	GlobalSection(SolutionProperties) = preSolution
		HideSolutionNode = FALSE
	EndGlobalSection
	GlobalSection(ExtensibilityGlobals) = postSolution
		SolutionGuid = {0C0573E6-E017-4F0F-BB5D-A62067BCB499}
	EndGlobalSection
	GlobalSection(SubversionScc) = preSolution
		Svn-Managed = True
		Manager = AnkhSVN - Subversion Support for Visual Studio
	EndGlobalSection
EndGlobal
